<?xml version="1.0" encoding="utf-8"?>
<Project ToolsVersion="4.0" xmlns="http://schemas.microsoft.com/developer/msbuild/2003">
  <ItemGroup>
    <Filter Include="common">
      <UniqueIdentifier>{10ba7705-8d88-4c07-8335-c357ef129af1}</UniqueIdentifier>
    </Filter>
    <Filter Include="reference">
      <UniqueIdentifier>{4d37948a-f3af-4731-b551-15570b448d1c}</UniqueIdentifier>
    </Filter>
    <Filter Include="main">
      <UniqueIdentifier>{dcff9901-423a-42cb-866f-5f836a532697}</UniqueIdentifier>
    </Filter>
    <Filter Include="shader">
      <UniqueIdentifier>{2b757ade-5d82-4a1f-820d-1fa159f57a65}</UniqueIdentifier>
    </Filter>
    <Filter Include="main\wave">
      <UniqueIdentifier>{f91ee219-cd01-4f73-9a65-87fd8eb3e0a0}</UniqueIdentifier>
    </Filter>
    <Filter Include="main\texture">
      <UniqueIdentifier>{36e75775-205e-4452-8405-ac9958e28024}</UniqueIdentifier>
    </Filter>
    <Filter Include="main\Blending">
      <UniqueIdentifier>{3423d10e-872f-40bd-8576-537796e2cf97}</UniqueIdentifier>
    </Filter>
    <Filter Include="main\Geometry">
      <UniqueIdentifier>{1d2ba238-e72c-44d0-b7ec-d26bce08777f}</UniqueIdentifier>
    </Filter>
  </ItemGroup>
  <ItemGroup>
    <ClCompile Include="InitDirectx3D.cpp">
      <Filter>main</Filter>
    </ClCompile>
    <ClCompile Include="common\D3DApp.cpp">
      <Filter>common</Filter>
    </ClCompile>
    <ClCompile Include="common\d3dUtil.cpp">
      <Filter>common</Filter>
    </ClCompile>
    <ClCompile Include="common\GameTimer.cpp">
      <Filter>common</Filter>
    </ClCompile>
    <ClCompile Include="reference\d3dx11effect.cpp">
      <Filter>reference</Filter>
    </ClCompile>
    <ClCompile Include="reference\MathHelper.cpp">
      <Filter>reference</Filter>
    </ClCompile>
    <ClCompile Include="BoxApp.cpp">
      <Filter>main</Filter>
    </ClCompile>
    <ClCompile Include="HillsApp.cpp">
      <Filter>main</Filter>
    </ClCompile>
    <ClCompile Include="ShapesApp.cpp">
      <Filter>main</Filter>
    </ClCompile>
    <ClCompile Include="SkullApp.cpp">
      <Filter>main</Filter>
    </ClCompile>
    <ClCompile Include="Waves.cpp">
      <Filter>main\wave</Filter>
    </ClCompile>
    <ClCompile Include="WavesApp.cpp">
      <Filter>main\wave</Filter>
    </ClCompile>
    <ClCompile Include="LightingApp.cpp">
      <Filter>main</Filter>
    </ClCompile>
    <ClCompile Include="LitSkullApp.cpp">
      <Filter>main</Filter>
    </ClCompile>
    <ClCompile Include="CreateApp.cpp">
      <Filter>main\texture</Filter>
    </ClCompile>
    <ClCompile Include="TexturedHillsAndWavesApp.cpp">
      <Filter>main\texture</Filter>
    </ClCompile>
    <ClCompile Include="BlendApp.cpp">
      <Filter>main\Blending</Filter>
    </ClCompile>
    <ClCompile Include="RenderStates.cpp">
      <Filter>main\Blending</Filter>
    </ClCompile>
    <ClCompile Include="GeometryApp.cpp">
      <Filter>main\Geometry</Filter>
    </ClCompile>
    <ClCompile Include="common\GeometryGenerator.cpp">
      <Filter>common</Filter>
    </ClCompile>
    <ClCompile Include="reference\Vertex.cpp">
      <Filter>reference</Filter>
    </ClCompile>
    <ClCompile Include="common\Keyboard.cpp">
      <Filter>common</Filter>
    </ClCompile>
    <ClCompile Include="common\Mouse.cpp">
      <Filter>common</Filter>
    </ClCompile>
  </ItemGroup>
  <ItemGroup>
    <ClInclude Include="common\D3DApp.h">
      <Filter>common</Filter>
    </ClInclude>
    <ClInclude Include="common\d3dUtil.h">
      <Filter>common</Filter>
    </ClInclude>
    <ClInclude Include="common\GameTimer.h">
      <Filter>common</Filter>
    </ClInclude>
    <ClInclude Include="reference\d3dx11effect.h">
      <Filter>reference</Filter>
    </ClInclude>
    <ClInclude Include="reference\LightHelper.h">
      <Filter>reference</Filter>
    </ClInclude>
    <ClInclude Include="reference\MathHelper.h">
      <Filter>reference</Filter>
    </ClInclude>
    <ClInclude Include="BoxApp.h">
      <Filter>main</Filter>
    </ClInclude>
    <ClInclude Include="HillsApp.h">
      <Filter>main</Filter>
    </ClInclude>
    <ClInclude Include="ShapesApp.h">
      <Filter>main</Filter>
    </ClInclude>
    <ClInclude Include="SkullApp.h">
      <Filter>main</Filter>
    </ClInclude>
    <ClInclude Include="Waves.h">
      <Filter>main\wave</Filter>
    </ClInclude>
    <ClInclude Include="WavesApp.h">
      <Filter>main\wave</Filter>
    </ClInclude>
    <ClInclude Include="LightingApp.h">
      <Filter>main</Filter>
    </ClInclude>
    <ClInclude Include="LitSkullApp.h">
      <Filter>main</Filter>
    </ClInclude>
    <ClInclude Include="CreateApp.h">
      <Filter>main\texture</Filter>
    </ClInclude>
    <ClInclude Include="TexturedHillsAndWavesApp.h">
      <Filter>main\texture</Filter>
    </ClInclude>
    <ClInclude Include="BlendApp.h">
      <Filter>main\Blending</Filter>
    </ClInclude>
    <ClInclude Include="RenderStates.h">
      <Filter>main\Blending</Filter>
    </ClInclude>
    <ClInclude Include="GeometryApp.h">
      <Filter>main\Geometry</Filter>
    </ClInclude>
    <ClInclude Include="common\GeometryGenerator.h">
      <Filter>common</Filter>
    </ClInclude>
    <ClInclude Include="reference\Vertex.h">
      <Filter>reference</Filter>
    </ClInclude>
    <ClInclude Include="common\Keyboard.h">
      <Filter>common</Filter>
    </ClInclude>
    <ClInclude Include="common\Mouse.h">
      <Filter>common</Filter>
    </ClInclude>
  </ItemGroup>
  <ItemGroup>
    <CustomBuild Include="shader\color.hlsl">
      <Filter>shader</Filter>
    </CustomBuild>
    <CustomBuild Include="shader\Light.hlsl">
      <Filter>shader</Filter>
    </CustomBuild>
    <CustomBuild Include="shader\LightHelper.hlsl">
      <Filter>shader</Filter>
    </CustomBuild>
    <CustomBuild Include="shader\Blending.hlsl">
      <Filter>shader</Filter>
    </CustomBuild>
    <CustomBuild Include="shader\LitSkull.hlsl">
      <Filter>shader</Filter>
    </CustomBuild>
  </ItemGroup>
  <ItemGroup>
    <FxCompile Include="shader\Geometry.hlsl">
      <Filter>shader</Filter>
    </FxCompile>
  </ItemGroup>
</Project>